// !$*UTF8*$!
{
	archiveVersion = 1;
	classes = {
	};
	objectVersion = 46;
	objects = {

/* Begin PBXBuildFile section */
		826AD9F71F552F48004BBE22 /* AppDelegate.swift in Sources */ = {isa = PBXBuildFile; fileRef = 826AD9F61F552F48004BBE22 /* AppDelegate.swift */; };
		826AD9F91F552F48004BBE22 /* ViewController.swift in Sources */ = {isa = PBXBuildFile; fileRef = 826AD9F81F552F48004BBE22 /* ViewController.swift */; };
		826AD9FC1F552F48004BBE22 /* Main.storyboard in Resources */ = {isa = PBXBuildFile; fileRef = 826AD9FA1F552F48004BBE22 /* Main.storyboard */; };
		826AD9FE1F552F48004BBE22 /* Assets.xcassets in Resources */ = {isa = PBXBuildFile; fileRef = 826AD9FD1F552F48004BBE22 /* Assets.xcassets */; };
		826ADA011F552F48004BBE22 /* LaunchScreen.storyboard in Resources */ = {isa = PBXBuildFile; fileRef = 826AD9FF1F552F48004BBE22 /* LaunchScreen.storyboard */; };
		826ADA0C1F552F48004BBE22 /* table_reuse_testTests.swift in Sources */ = {isa = PBXBuildFile; fileRef = 826ADA0B1F552F48004BBE22 /* table_reuse_testTests.swift */; };
		826ADA171F552F48004BBE22 /* table_reuse_testUITests.swift in Sources */ = {isa = PBXBuildFile; fileRef = 826ADA161F552F48004BBE22 /* table_reuse_testUITests.swift */; };
		826ADA251F552FE8004BBE22 /* Content.xib in Resources */ = {isa = PBXBuildFile; fileRef = 826ADA241F552FE8004BBE22 /* Content.xib */; };
		826ADA271F553061004BBE22 /* Content.swift in Sources */ = {isa = PBXBuildFile; fileRef = 826ADA261F553061004BBE22 /* Content.swift */; };
		826ADA291F5530C1004BBE22 /* TableCell.xib in Resources */ = {isa = PBXBuildFile; fileRef = 826ADA281F5530C1004BBE22 /* TableCell.xib */; };
		826ADA2B1F5531D9004BBE22 /* TableCell.swift in Sources */ = {isa = PBXBuildFile; fileRef = 826ADA2A1F5531D9004BBE22 /* TableCell.swift */; };
/* End PBXBuildFile section */

/* Begin PBXContainerItemProxy section */
		826ADA081F552F48004BBE22 /* PBXContainerItemProxy */ = {
			isa = PBXContainerItemProxy;
			containerPortal = 826AD9EB1F552F48004BBE22 /* Project object */;
			proxyType = 1;
			remoteGlobalIDString = 826AD9F21F552F48004BBE22;
			remoteInfo = "table reuse test";
		};
		826ADA131F552F48004BBE22 /* PBXContainerItemProxy */ = {
			isa = PBXContainerItemProxy;
			containerPortal = 826AD9EB1F552F48004BBE22 /* Project object */;
			proxyType = 1;
			remoteGlobalIDString = 826AD9F21F552F48004BBE22;
			remoteInfo = "table reuse test";
		};
/* End PBXContainerItemProxy section */

/* Begin PBXFileReference section */
		826AD9F31F552F48004BBE22 /* table reuse test.app */ = {isa = PBXFileReference; explicitFileType = wrapper.application; includeInIndex = 0; path = "table reuse test.app"; sourceTree = BUILT_PRODUCTS_DIR; };
		826AD9F61F552F48004BBE22 /* AppDelegate.swift */ = {isa = PBXFileReference; lastKnownFileType = sourcecode.swift; path = AppDelegate.swift; sourceTree = "<group>"; };
		826AD9F81F552F48004BBE22 /* ViewController.swift */ = {isa = PBXFileReference; lastKnownFileType = sourcecode.swift; path = ViewController.swift; sourceTree = "<group>"; };
		826AD9FB1F552F48004BBE22 /* Base */ = {isa = PBXFileReference; lastKnownFileType = file.storyboard; name = Base; path = Base.lproj/Main.storyboard; sourceTree = "<group>"; };
		826AD9FD1F552F48004BBE22 /* Assets.xcassets */ = {isa = PBXFileReference; lastKnownFileType = folder.assetcatalog; path = Assets.xcassets; sourceTree = "<group>"; };
		826ADA001F552F48004BBE22 /* Base */ = {isa = PBXFileReference; lastKnownFileType = file.storyboard; name = Base; path = Base.lproj/LaunchScreen.storyboard; sourceTree = "<group>"; };
		826ADA021F552F48004BBE22 /* Info.plist */ = {isa = PBXFileReference; lastKnownFileType = text.plist.xml; path = Info.plist; sourceTree = "<group>"; };
		826ADA071F552F48004BBE22 /* table reuse testTests.xctest */ = {isa = PBXFileReference; explicitFileType = wrapper.cfbundle; includeInIndex = 0; path = "table reuse testTests.xctest"; sourceTree = BUILT_PRODUCTS_DIR; };
		826ADA0B1F552F48004BBE22 /* table_reuse_testTests.swift */ = {isa = PBXFileReference; lastKnownFileType = sourcecode.swift; path = table_reuse_testTests.swift; sourceTree = "<group>"; };
		826ADA0D1F552F48004BBE22 /* Info.plist */ = {isa = PBXFileReference; lastKnownFileType = text.plist.xml; path = Info.plist; sourceTree = "<group>"; };
		826ADA121F552F48004BBE22 /* table reuse testUITests.xctest */ = {isa = PBXFileReference; explicitFileType = wrapper.cfbundle; includeInIndex = 0; path = "table reuse testUITests.xctest"; sourceTree = BUILT_PRODUCTS_DIR; };
		826ADA161F552F48004BBE22 /* table_reuse_testUITests.swift */ = {isa = PBXFileReference; lastKnownFileType = sourcecode.swift; path = table_reuse_testUITests.swift; sourceTree = "<group>"; };
		826ADA181F552F48004BBE22 /* Info.plist */ = {isa = PBXFileReference; lastKnownFileType = text.plist.xml; path = Info.plist; sourceTree = "<group>"; };
		826ADA241F552FE8004BBE22 /* Content.xib */ = {isa = PBXFileReference; fileEncoding = 4; lastKnownFileType = file.xib; path = Content.xib; sourceTree = "<group>"; };
		826ADA261F553061004BBE22 /* Content.swift */ = {isa = PBXFileReference; fileEncoding = 4; lastKnownFileType = sourcecode.swift; path = Content.swift; sourceTree = "<group>"; };
		826ADA281F5530C1004BBE22 /* TableCell.xib */ = {isa = PBXFileReference; fileEncoding = 4; lastKnownFileType = file.xib; path = TableCell.xib; sourceTree = "<group>"; };
		826ADA2A1F5531D9004BBE22 /* TableCell.swift */ = {isa = PBXFileReference; fileEncoding = 4; lastKnownFileType = sourcecode.swift; path = TableCell.swift; sourceTree = "<group>"; };
/* End PBXFileReference section */

/* Begin PBXFrameworksBuildPhase section */
		826AD9F01F552F48004BBE22 /* Frameworks */ = {
			isa = PBXFrameworksBuildPhase;
			buildActionMask = 2147483647;
			files = (
			);
			runOnlyForDeploymentPostprocessing = 0;
		};
		826ADA041F552F48004BBE22 /* Frameworks */ = {
			isa = PBXFrameworksBuildPhase;
			buildActionMask = 2147483647;
			files = (
			);
			runOnlyForDeploymentPostprocessing = 0;
		};
		826ADA0F1F552F48004BBE22 /* Frameworks */ = {
			isa = PBXFrameworksBuildPhase;
			buildActionMask = 2147483647;
			files = (
			);
			runOnlyForDeploymentPostprocessing = 0;
		};
/* End PBXFrameworksBuildPhase section */

/* Begin PBXGroup section */
		826AD9EA1F552F48004BBE22 = {
			isa = PBXGroup;
			children = (
				826AD9F51F552F48004BBE22 /* table reuse test */,
				826ADA0A1F552F48004BBE22 /* table reuse testTests */,
				826ADA151F552F48004BBE22 /* table reuse testUITests */,
				826AD9F41F552F48004BBE22 /* Products */,
			);
			sourceTree = "<group>";
		};
		826AD9F41F552F48004BBE22 /* Products */ = {
			isa = PBXGroup;
			children = (
				826AD9F31F552F48004BBE22 /* table reuse test.app */,
				826ADA071F552F48004BBE22 /* table reuse testTests.xctest */,
				826ADA121F552F48004BBE22 /* table reuse testUITests.xctest */,
			);
			name = Products;
			sourceTree = "<group>";
		};
		826AD9F51F552F48004BBE22 /* table reuse test */ = {
			isa = PBXGroup;
			children = (
				826AD9F61F552F48004BBE22 /* AppDelegate.swift */,
				826AD9F81F552F48004BBE22 /* ViewController.swift */,
				826AD9FA1F552F48004BBE22 /* Main.storyboard */,
				826AD9FD1F552F48004BBE22 /* Assets.xcassets */,
				826AD9FF1F552F48004BBE22 /* LaunchScreen.storyboard */,
				826ADA021F552F48004BBE22 /* Info.plist */,
				826ADA241F552FE8004BBE22 /* Content.xib */,
				826ADA261F553061004BBE22 /* Content.swift */,
				826ADA281F5530C1004BBE22 /* TableCell.xib */,
				826ADA2A1F5531D9004BBE22 /* TableCell.swift */,
			);
			path = "table reuse test";
			sourceTree = "<group>";
		};
		826ADA0A1F552F48004BBE22 /* table reuse testTests */ = {
			isa = PBXGroup;
			children = (
				826ADA0B1F552F48004BBE22 /* table_reuse_testTests.swift */,
				826ADA0D1F552F48004BBE22 /* Info.plist */,
			);
			path = "table reuse testTests";
			sourceTree = "<group>";
		};
		826ADA151F552F48004BBE22 /* table reuse testUITests */ = {
			isa = PBXGroup;
			children = (
				826ADA161F552F48004BBE22 /* table_reuse_testUITests.swift */,
				826ADA181F552F48004BBE22 /* Info.plist */,
			);
			path = "table reuse testUITests";
			sourceTree = "<group>";
		};
/* End PBXGroup section */

/* Begin PBXNativeTarget section */
		826AD9F21F552F48004BBE22 /* table reuse test */ = {
			isa = PBXNativeTarget;
			buildConfigurationList = 826ADA1B1F552F48004BBE22 /* Build configuration list for PBXNativeTarget "table reuse test" */;
			buildPhases = (
				826AD9EF1F552F48004BBE22 /* Sources */,
				826AD9F01F552F48004BBE22 /* Frameworks */,
				826AD9F11F552F48004BBE22 /* Resources */,
			);
			buildRules = (
			);
			dependencies = (
			);
			name = "table reuse test";
			productName = "table reuse test";
			productReference = 826AD9F31F552F48004BBE22 /* table reuse test.app */;
			productType = "com.apple.product-type.application";
		};
		826ADA061F552F48004BBE22 /* table reuse testTests */ = {
			isa = PBXNativeTarget;
			buildConfigurationList = 826ADA1E1F552F48004BBE22 /* Build configuration list for PBXNativeTarget "table reuse testTests" */;
			buildPhases = (
				826ADA031F552F48004BBE22 /* Sources */,
				826ADA041F552F48004BBE22 /* Frameworks */,
				826ADA051F552F48004BBE22 /* Resources */,
			);
			buildRules = (
			);
			dependencies = (
				826ADA091F552F48004BBE22 /* PBXTargetDependency */,
			);
			name = "table reuse testTests";
			productName = "table reuse testTests";
			productReference = 826ADA071F552F48004BBE22 /* table reuse testTests.xctest */;
			productType = "com.apple.product-type.bundle.unit-test";
		};
		826ADA111F552F48004BBE22 /* table reuse testUITests */ = {
			isa = PBXNativeTarget;
			buildConfigurationList = 826ADA211F552F48004BBE22 /* Build configuration list for PBXNativeTarget "table reuse testUITests" */;
			buildPhases = (
				826ADA0E1F552F48004BBE22 /* Sources */,
				826ADA0F1F552F48004BBE22 /* Frameworks */,
				826ADA101F552F48004BBE22 /* Resources */,
			);
			buildRules = (
			);
			dependencies = (
				826ADA141F552F48004BBE22 /* PBXTargetDependency */,
			);
			name = "table reuse testUITests";
			productName = "table reuse testUITests";
			productReference = 826ADA121F552F48004BBE22 /* table reuse testUITests.xctest */;
			productType = "com.apple.product-type.bundle.ui-testing";
		};
/* End PBXNativeTarget section */

/* Begin PBXProject section */
		826AD9EB1F552F48004BBE22 /* Project object */ = {
			isa = PBXProject;
			attributes = {
				LastSwiftUpdateCheck = 0830;
				LastUpgradeCheck = 0830;
				ORGANIZATIONNAME = "Jacob Just";
				TargetAttributes = {
					826AD9F21F552F48004BBE22 = {
						CreatedOnToolsVersion = 8.3.3;
						DevelopmentTeam = KZQJ9C78P6;
						ProvisioningStyle = Automatic;
					};
					826ADA061F552F48004BBE22 = {
						CreatedOnToolsVersion = 8.3.3;
						DevelopmentTeam = KZQJ9C78P6;
						ProvisioningStyle = Automatic;
						TestTargetID = 826AD9F21F552F48004BBE22;
					};
					826ADA111F552F48004BBE22 = {
						CreatedOnToolsVersion = 8.3.3;
						DevelopmentTeam = KZQJ9C78P6;
						ProvisioningStyle = Automatic;
						TestTargetID = 826AD9F21F552F48004BBE22;
					};
				};
			};
			buildConfigurationList = 826AD9EE1F552F48004BBE22 /* Build configuration list for PBXProject "table reuse test" */;
			compatibilityVersion = "Xcode 3.2";
			developmentRegion = English;
			hasScannedForEncodings = 0;
			knownRegions = (
				en,
				Base,
			);
			mainGroup = 826AD9EA1F552F48004BBE22;
			productRefGroup = 826AD9F41F552F48004BBE22 /* Products */;
			projectDirPath = "";
			projectRoot = "";
			targets = (
				826AD9F21F552F48004BBE22 /* table reuse test */,
				826ADA061F552F48004BBE22 /* table reuse testTests */,
				826ADA111F552F48004BBE22 /* table reuse testUITests */,
			);
		};
/* End PBXProject section */

/* Begin PBXResourcesBuildPhase section */
		826AD9F11F552F48004BBE22 /* Resources */ = {
			isa = PBXResourcesBuildPhase;
			buildActionMask = 2147483647;
			files = (
				826ADA011F552F48004BBE22 /* LaunchScreen.storyboard in Resources */,
				826AD9FE1F552F48004BBE22 /* Assets.xcassets in Resources */,
				826AD9FC1F552F48004BBE22 /* Main.storyboard in Resources */,
				826ADA251F552FE8004BBE22 /* Content.xib in Resources */,
				826ADA291F5530C1004BBE22 /* TableCell.xib in Resources */,
			);
			runOnlyForDeploymentPostprocessing = 0;
		};
		826ADA051F552F48004BBE22 /* Resources */ = {
			isa = PBXResourcesBuildPhase;
			buildActionMask = 2147483647;
			files = (
			);
			runOnlyForDeploymentPostprocessing = 0;
		};
		826ADA101F552F48004BBE22 /* Resources */ = {
			isa = PBXResourcesBuildPhase;
			buildActionMask = 2147483647;
			files = (
			);
			runOnlyForDeploymentPostprocessing = 0;
		};
/* End PBXResourcesBuildPhase section */

/* Begin PBXSourcesBuildPhase section */
		826AD9EF1F552F48004BBE22 /* Sources */ = {
			isa = PBXSourcesBuildPhase;
			buildActionMask = 2147483647;
			files = (
				826AD9F91F552F48004BBE22 /* ViewController.swift in Sources */,
				826AD9F71F552F48004BBE22 /* AppDelegate.swift in Sources */,
				826ADA2B1F5531D9004BBE22 /* TableCell.swift in Sources */,
				826ADA271F553061004BBE22 /* Content.swift in Sources */,
			);
			runOnlyForDeploymentPostprocessing = 0;
		};
		826ADA031F552F48004BBE22 /* Sources */ = {
			isa = PBXSourcesBuildPhase;
			buildActionMask = 2147483647;
			files = (
				826ADA0C1F552F48004BBE22 /* table_reuse_testTests.swift in Sources */,
			);
			runOnlyForDeploymentPostprocessing = 0;
		};
		826ADA0E1F552F48004BBE22 /* Sources */ = {
			isa = PBXSourcesBuildPhase;
			buildActionMask = 2147483647;
			files = (
				826ADA171F552F48004BBE22 /* table_reuse_testUITests.swift in Sources */,
			);
			runOnlyForDeploymentPostprocessing = 0;
		};
/* End PBXSourcesBuildPhase section */

/* Begin PBXTargetDependency section */
		826ADA091F552F48004BBE22 /* PBXTargetDependency */ = {
			isa = PBXTargetDependency;
			target = 826AD9F21F552F48004BBE22 /* table reuse test */;
			targetProxy = 826ADA081F552F48004BBE22 /* PBXContainerItemProxy */;
		};
		826ADA141F552F48004BBE22 /* PBXTargetDependency */ = {
			isa = PBXTargetDependency;
			target = 826AD9F21F552F48004BBE22 /* table reuse test */;
			targetProxy = 826ADA131F552F48004BBE22 /* PBXContainerItemProxy */;
		};
/* End PBXTargetDependency section */

/* Begin PBXVariantGroup section */
		826AD9FA1F552F48004BBE22 /* Main.storyboard */ = {
			isa = PBXVariantGroup;
			children = (
				826AD9FB1F552F48004BBE22 /* Base */,
			);
			name = Main.storyboard;
			sourceTree = "<group>";
		};
		826AD9FF1F552F48004BBE22 /* LaunchScreen.storyboard */ = {
			isa = PBXVariantGroup;
			children = (
				826ADA001F552F48004BBE22 /* Base */,
			);
			name = LaunchScreen.storyboard;
			sourceTree = "<group>";
		};
/* End PBXVariantGroup section */

/* Begin XCBuildConfiguration section */
		826ADA191F552F48004BBE22 /* Debug */ = {
			isa = XCBuildConfiguration;
			buildSettings = {
				ALWAYS_SEARCH_USER_PATHS = NO;
				CLANG_ANALYZER_NONNULL = YES;
				CLANG_ANALYZER_NUMBER_OBJECT_CONVERSION = YES_AGGRESSIVE;
				CLANG_CXX_LANGUAGE_STANDARD = "gnu++0x";
				CLANG_CXX_LIBRARY = "libc++";
				CLANG_ENABLE_MODULES = YES;
				CLANG_ENABLE_OBJC_ARC = YES;
				CLANG_WARN_BOOL_CONVERSION = YES;
				CLANG_WARN_CONSTANT_CONVERSION = YES;
				CLANG_WARN_DIRECT_OBJC_ISA_USAGE = YES_ERROR;
				CLANG_WARN_DOCUMENTATION_COMMENTS = YES;
				CLANG_WARN_EMPTY_BODY = YES;
				CLANG_WARN_ENUM_CONVERSION = YES;
				CLANG_WARN_INFINITE_RECURSION = YES;
				CLANG_WARN_INT_CONVERSION = YES;
				CLANG_WARN_OBJC_ROOT_CLASS = YES_ERROR;
				CLANG_WARN_SUSPICIOUS_MOVE = YES;
				CLANG_WARN_UNREACHABLE_CODE = YES;
				CLANG_WARN__DUPLICATE_METHOD_MATCH = YES;
				"CODE_SIGN_IDENTITY[sdk=iphoneos*]" = "iPhone Developer";
				COPY_PHASE_STRIP = NO;
				DEBUG_INFORMATION_FORMAT = dwarf;
				ENABLE_STRICT_OBJC_MSGSEND = YES;
				ENABLE_TESTABILITY = YES;
				GCC_C_LANGUAGE_STANDARD = gnu99;
				GCC_DYNAMIC_NO_PIC = NO;
				GCC_NO_COMMON_BLOCKS = YES;
				GCC_OPTIMIZATION_LEVEL = 0;
				GCC_PREPROCESSOR_DEFINITIONS = (
					"DEBUG=1",
					"$(inherited)",
				);
				GCC_WARN_64_TO_32_BIT_CONVERSION = YES;
				GCC_WARN_ABOUT_RETURN_TYPE = YES_ERROR;
				GCC_WARN_UNDECLARED_SELECTOR = YES;
				GCC_WARN_UNINITIALIZED_AUTOS = YES_AGGRESSIVE;
				GCC_WARN_UNUSED_FUNCTION = YES;
				GCC_WARN_UNUSED_VARIABLE = YES;
				IPHONEOS_DEPLOYMENT_TARGET = 10.3;
				MTL_ENABLE_DEBUG_INFO = YES;
				ONLY_ACTIVE_ARCH = YES;
				SDKROOT = iphoneos;
				SWIFT_ACTIVE_COMPILATION_CONDITIONS = DEBUG;
				SWIFT_OPTIMIZATION_LEVEL = "-Onone";
				TARGETED_DEVICE_FAMILY = "1,2";
			};
			name = Debug;
		};
		826ADA1A1F552F48004BBE22 /* Release */ = {
			isa = XCBuildConfiguration;
			buildSettings = {
				ALWAYS_SEARCH_USER_PATHS = NO;
				CLANG_ANALYZER_NONNULL = YES;
				CLANG_ANALYZER_NUMBER_OBJECT_CONVERSION = YES_AGGRESSIVE;
				CLANG_CXX_LANGUAGE_STANDARD = "gnu++0x";
				CLANG_CXX_LIBRARY = "libc++";
				CLANG_ENABLE_MODULES = YES;
				CLANG_ENABLE_OBJC_ARC = YES;
				CLANG_WARN_BOOL_CONVERSION = YES;
				CLANG_WARN_CONSTANT_CONVERSION = YES;
				CLANG_WARN_DIRECT_OBJC_ISA_USAGE = YES_ERROR;
				CLANG_WARN_DOCUMENTATION_COMMENTS = YES;
				CLANG_WARN_EMPTY_BODY = YES;
				CLANG_WARN_ENUM_CONVERSION = YES;
				CLANG_WARN_INFINITE_RECURSION = YES;
				CLANG_WARN_INT_CONVERSION = YES;
				CLANG_WARN_OBJC_ROOT_CLASS = YES_ERROR;
				CLANG_WARN_SUSPICIOUS_MOVE = YES;
				CLANG_WARN_UNREACHABLE_CODE = YES;
				CLANG_WARN__DUPLICATE_METHOD_MATCH = YES;
				"CODE_SIGN_IDENTITY[sdk=iphoneos*]" = "iPhone Developer";
				COPY_PHASE_STRIP = NO;
				DEBUG_INFORMATION_FORMAT = "dwarf-with-dsym";
				ENABLE_NS_ASSERTIONS = NO;
				ENABLE_STRICT_OBJC_MSGSEND = YES;
				GCC_C_LANGUAGE_STANDARD = gnu99;
				GCC_NO_COMMON_BLOCKS = YES;
				GCC_WARN_64_TO_32_BIT_CONVERSION = YES;
				GCC_WARN_ABOUT_RETURN_TYPE = YES_ERROR;
				GCC_WARN_UNDECLARED_SELECTOR = YES;
				GCC_WARN_UNINITIALIZED_AUTOS = YES_AGGRESSIVE;
				GCC_WARN_UNUSED_FUNCTION = YES;
				GCC_WARN_UNUSED_VARIABLE = YES;
				IPHONEOS_DEPLOYMENT_TARGET = 10.3;
				MTL_ENABLE_DEBUG_INFO = NO;
				SDKROOT = iphoneos;
				SWIFT_OPTIMIZATION_LEVEL = "-Owholemodule";
				TARGETED_DEVICE_FAMILY = "1,2";
				VALIDATE_PRODUCT = YES;
			};
			name = Release;
		};
		826ADA1C1F552F48004BBE22 /* Debug */ = {
			isa = XCBuildConfiguration;
			buildSettings = {
				ASSETCATALOG_COMPILER_APPICON_NAME = AppIcon;
				DEVELOPMENT_TEAM = KZQJ9C78P6;
				INFOPLIST_FILE = "table reuse test/Info.plist";
				LD_RUNPATH_SEARCH_PATHS = "$(inherited) @executable_path/Frameworks";
				PRODUCT_BUNDLE_IDENTIFIER = "com.se.table-reuse-test";
				PRODUCT_NAME = "$(TARGET_NAME)";
				SWIFT_VERSION = 3.0;
			};
			name = Debug;
		};
		826ADA1D1F552F48004BBE22 /* Release */ = {
			isa = XCBuildConfiguration;
			buildSettings = {
				ASSETCATALOG_COMPILER_APPICON_NAME = AppIcon;
				DEVELOPMENT_TEAM = KZQJ9C78P6;
				INFOPLIST_FILE = "table reuse test/Info.plist";
				LD_RUNPATH_SEARCH_PATHS = "$(inherited) @executable_path/Frameworks";
				PRODUCT_BUNDLE_IDENTIFIER = "com.se.table-reuse-test";
				PRODUCT_NAME = "$(TARGET_NAME)";
				SWIFT_VERSION = 3.0;
			};
			name = Release;
		};
		826ADA1F1F552F48004BBE22 /* Debug */ = {
			isa = XCBuildConfiguration;
			buildSettings = {
				ALWAYS_EMBED_SWIFT_STANDARD_LIBRARIES = YES;
				BUNDLE_LOADER = "$(TEST_HOST)";
				DEVELOPMENT_TEAM = KZQJ9C78P6;
				INFOPLIST_FILE = "table reuse testTests/Info.plist";
				LD_RUNPATH_SEARCH_PATHS = "$(inherited) @executable_path/Frameworks @loader_path/Frameworks";
				PRODUCT_BUNDLE_IDENTIFIER = "com.se.table-reuse-testTests";
				PRODUCT_NAME = "$(TARGET_NAME)";
				SWIFT_VERSION = 3.0;
				TEST_HOST = "$(BUILT_PRODUCTS_DIR)/table reuse test.app/table reuse test";
			};
			name = Debug;
		};
		826ADA201F552F48004BBE22 /* Release */ = {
			isa = XCBuildConfiguration;
			buildSettings = {
				ALWAYS_EMBED_SWIFT_STANDARD_LIBRARIES = YES;
				BUNDLE_LOADER = "$(TEST_HOST)";
				DEVELOPMENT_TEAM = KZQJ9C78P6;
				INFOPLIST_FILE = "table reuse testTests/Info.plist";
				LD_RUNPATH_SEARCH_PATHS = "$(inherited) @executable_path/Frameworks @loader_path/Frameworks";
				PRODUCT_BUNDLE_IDENTIFIER = "com.se.table-reuse-testTests";
				PRODUCT_NAME = "$(TARGET_NAME)";
				SWIFT_VERSION = 3.0;
				TEST_HOST = "$(BUILT_PRODUCTS_DIR)/table reuse test.app/table reuse test";
			};
			name = Release;
		};
		826ADA221F552F48004BBE22 /* Debug */ = {
			isa = XCBuildConfiguration;
			buildSettings = {
				ALWAYS_EMBED_SWIFT_STANDARD_LIBRARIES = YES;
				DEVELOPMENT_TEAM = KZQJ9C78P6;
				INFOPLIST_FILE = "table reuse testUITests/Info.plist";
				LD_RUNPATH_SEARCH_PATHS = "$(inherited) @executable_path/Frameworks @loader_path/Frameworks";
				PRODUCT_BUNDLE_IDENTIFIER = "com.se.table-reuse-testUITests";
				PRODUCT_NAME = "$(TARGET_NAME)";
				SWIFT_VERSION = 3.0;
				TEST_TARGET_NAME = "table reuse test";
			};
			name = Debug;
		};
		826ADA231F552F48004BBE22 /* Release */ = {
			isa = XCBuildConfiguration;
			buildSettings = {
				ALWAYS_EMBED_SWIFT_STANDARD_LIBRARIES = YES;
				DEVELOPMENT_TEAM = KZQJ9C78P6;
				INFOPLIST_FILE = "table reuse testUITests/Info.plist";
				LD_RUNPATH_SEARCH_PATHS = "$(inherited) @executable_path/Frameworks @loader_path/Frameworks";
				PRODUCT_BUNDLE_IDENTIFIER = "com.se.table-reuse-testUITests";
				PRODUCT_NAME = "$(TARGET_NAME)";
				SWIFT_VERSION = 3.0;
				TEST_TARGET_NAME = "table reuse test";
			};
			name = Release;
		};
/* End XCBuildConfiguration section */

/* Begin XCConfigurationList section */
		826AD9EE1F552F48004BBE22 /* Build configuration list for PBXProject "table reuse test" */ = {
			isa = XCConfigurationList;
			buildConfigurations = (
				826ADA191F552F48004BBE22 /* Debug */,
				826ADA1A1F552F48004BBE22 /* Release */,
			);
			defaultConfigurationIsVisible = 0;
			defaultConfigurationName = Release;
		};
		826ADA1B1F552F48004BBE22 /* Build configuration list for PBXNativeTarget "table reuse test" */ = {
			isa = XCConfigurationList;
			buildConfigurations = (
				826ADA1C1F552F48004BBE22 /* Debug */,
				826ADA1D1F552F48004BBE22 /* Release */,
			);
			defaultConfigurationIsVisible = 0;
		};
		826ADA1E1F552F48004BBE22 /* Build configuration list for PBXNativeTarget "table reuse testTests" */ = {
			isa = XCConfigurationList;
			buildConfigurations = (
				826ADA1F1F552F48004BBE22 /* Debug */,
				826ADA201F552F48004BBE22 /* Release */,
			);
			defaultConfigurationIsVisible = 0;
		};
		826ADA211F552F48004BBE22 /* Build configuration list for PBXNativeTarget "table reuse testUITests" */ = {
			isa = XCConfigurationList;
			buildConfigurations = (
				826ADA221F552F48004BBE22 /* Debug */,
				826ADA231F552F48004BBE22 /* Release */,
			);
			defaultConfigurationIsVisible = 0;
		};
/* End XCConfigurationList section */
	};
	rootObject = 826AD9EB1F552F48004BBE22 /* Project object */;
}
